{
  "name": "@jd/demo",
  "version": "2.1.2",
  "lockfileVersion": 1,
  "requires": true,
  "dependencies": {
    "@ant-design/colors": {
      "version": "7.0.0",
      "resolved": "http://registry.m.jd.com/@ant-design/colors/download/@ant-design/colors-7.0.0.tgz",
      "integrity": "sha1-637s6tEkw1M66gXWElTwoX8rYbM=",
      "requires": {
        "@ctrl/tinycolor": "^3.4.0"
      }
    },
    "@ant-design/cssinjs": {
      "version": "1.5.6",
      "resolved": "http://registry.m.jd.com/@ant-design/cssinjs/download/@ant-design/cssinjs-1.5.6.tgz",
      "integrity": "sha1-nrYIIqMHM51yliRTMgUgnJlCkGI=",
      "requires": {
        "@babel/runtime": "^7.11.1",
        "@emotion/hash": "^0.8.0",
        "@emotion/unitless": "^0.7.5",
        "classnames": "^2.3.1",
        "csstype": "^3.0.10",
        "rc-util": "^5.27.0",
        "stylis": "^4.0.13"
      }
    },
    "@ant-design/icons": {
      "version": "5.0.1",
      "resolved": "http://registry.m.jd.com/@ant-design/icons/download/@ant-design/icons-5.0.1.tgz",
      "integrity": "sha1-/rsf3Fd29YGHsslTrJpElgadBFs=",
      "requires": {
        "@ant-design/colors": "^7.0.0",
        "@ant-design/icons-svg": "^4.2.1",
        "@babel/runtime": "^7.11.2",
        "classnames": "^2.2.6",
        "rc-util": "^5.9.4"
      }
    },
    "@ant-design/icons-svg": {
      "version": "4.2.1",
      "resolved": "http://registry.m.jd.com/@ant-design/icons-svg/download/@ant-design/icons-svg-4.2.1.tgz",
      "integrity": "sha1-hjDajrRHGkqr2u19H/apfcss8Fo="
    },
    "@ant-design/react-slick": {
      "version": "1.0.0",
      "resolved": "http://registry.m.jd.com/@ant-design/react-slick/download/@ant-design/react-slick-1.0.0.tgz",
      "integrity": "sha1-RpbuyqLeoEKeR64kwmcBXP1t81w=",
      "requires": {
        "@babel/runtime": "^7.10.4",
        "classnames": "^2.2.5",
        "json2mq": "^0.2.0",
        "resize-observer-polyfill": "^1.5.1",
        "throttle-debounce": "^5.0.0"
      }
    },
    "@babel/runtime": {
      "version": "7.21.0",
      "resolved": "http://registry.m.jd.com/@babel/runtime/download/@babel/runtime-7.21.0.tgz",
      "integrity": "sha1-W1XJ05Tl/PMEkJqLAMB9whe1ZnM=",
      "requires": {
        "regenerator-runtime": "^0.13.11"
      }
    },
    "@ctrl/tinycolor": {
      "version": "3.6.0",
      "resolved": "http://registry.m.jd.com/@ctrl/tinycolor/download/@ctrl/tinycolor-3.6.0.tgz",
      "integrity": "sha1-U/pf6cNPruiUaeSPkdUaN2YQi8g="
    },
    "@emotion/hash": {
      "version": "0.8.0",
      "resolved": "http://registry.m.jd.com/@emotion/hash/download/@emotion/hash-0.8.0.tgz",
      "integrity": "sha1-u7/2iXj+/b5ozLUzvIy+HRr7VBM="
    },
    "@emotion/unitless": {
      "version": "0.7.5",
      "resolved": "http://registry.m.jd.com/@emotion/unitless/download/@emotion/unitless-0.7.5.tgz",
      "integrity": "sha1-dyESkcGQCnALinjPr9oxYNdpSe0="
    },
    "@rc-component/context": {
      "version": "1.3.0",
      "resolved": "http://registry.m.jd.com/@rc-component/context/download/@rc-component/context-1.3.0.tgz",
      "integrity": "sha1-YIzPCry+yUBnUbF6SzXbCOSBwRA=",
      "requires": {
        "@babel/runtime": "^7.10.1",
        "rc-util": "^5.27.0"
      }
    },
    "@rc-component/mini-decimal": {
      "version": "1.0.1",
      "resolved": "http://registry.m.jd.com/@rc-component/mini-decimal/download/@rc-component/mini-decimal-1.0.1.tgz",
      "integrity": "sha1-5dvCCmpbDiNNJ5vHHOcwq4ZdORA=",
      "requires": {
        "@babel/runtime": "^7.18.0"
      }
    },
    "@rc-component/mutate-observer": {
      "version": "1.0.0",
      "resolved": "http://registry.m.jd.com/@rc-component/mutate-observer/download/@rc-component/mutate-observer-1.0.0.tgz",
      "integrity": "sha1-zpmvMjntnHTuPnMC8cZwmN6SC0Y=",
      "requires": {
        "@babel/runtime": "^7.18.0",
        "classnames": "^2.3.2",
        "rc-util": "^5.24.4"
      }
    },
    "@rc-component/portal": {
      "version": "1.1.0",
      "resolved": "http://registry.m.jd.com/@rc-component/portal/download/@rc-component/portal-1.1.0.tgz",
      "integrity": "sha1-a5RFDSwrANULFBvXoL4jvZZQPb4=",
      "requires": {
        "@babel/runtime": "^7.18.0",
        "classnames": "^2.3.2",
        "rc-util": "^5.24.4"
      }
    },
    "@rc-component/tour": {
      "version": "1.6.0",
      "resolved": "http://registry.m.jd.com/@rc-component/tour/download/@rc-component/tour-1.6.0.tgz",
      "integrity": "sha1-7ziIyMzF0aLkZdfSYVq9HS3VHic=",
      "requires": {
        "@babel/runtime": "^7.18.0",
        "@rc-component/portal": "^1.0.0-9",
        "classnames": "^2.3.2",
        "rc-trigger": "^5.3.4",
        "rc-util": "^5.24.4"
      }
    },
    "antd": {
      "version": "5.2.2",
      "resolved": "http://registry.m.jd.com/antd/download/antd-5.2.2.tgz",
      "integrity": "sha1-7RkUOhQWqjUiENhovrtNHfPOdr8=",
      "requires": {
        "@ant-design/colors": "^7.0.0",
        "@ant-design/cssinjs": "^1.5.6",
        "@ant-design/icons": "^5.0.0",
        "@ant-design/react-slick": "~1.0.0",
        "@babel/runtime": "^7.18.3",
        "@ctrl/tinycolor": "^3.6.0",
        "@rc-component/mutate-observer": "^1.0.0",
        "@rc-component/tour": "~1.6.0",
        "classnames": "^2.2.6",
        "copy-to-clipboard": "^3.2.0",
        "dayjs": "^1.11.1",
        "qrcode.react": "^3.1.0",
        "rc-cascader": "~3.8.0",
        "rc-checkbox": "~2.3.0",
        "rc-collapse": "~3.5.2",
        "rc-dialog": "~9.0.2",
        "rc-drawer": "~6.1.1",
        "rc-dropdown": "~4.0.0",
        "rc-field-form": "~1.27.0",
        "rc-image": "~5.13.0",
        "rc-input": "~0.2.1",
        "rc-input-number": "~7.4.0",
        "rc-mentions": "~2.0.0",
        "rc-menu": "~9.8.2",
        "rc-motion": "^2.6.1",
        "rc-notification": "~5.0.0",
        "rc-pagination": "~3.2.0",
        "rc-picker": "~3.1.1",
        "rc-progress": "~3.4.1",
        "rc-rate": "~2.9.0",
        "rc-resize-observer": "^1.2.0",
        "rc-segmented": "~2.1.2",
        "rc-select": "~14.2.0",
        "rc-slider": "~10.1.0",
        "rc-steps": "~6.0.0",
        "rc-switch": "~4.0.0",
        "rc-table": "~7.30.2",
        "rc-tabs": "~12.5.6",
        "rc-textarea": "~1.0.0",
        "rc-tooltip": "~5.3.1",
        "rc-tree": "~5.7.0",
        "rc-tree-select": "~5.6.0",
        "rc-trigger": "^5.3.4",
        "rc-upload": "~4.3.0",
        "rc-util": "^5.27.0",
        "scroll-into-view-if-needed": "^3.0.3",
        "throttle-debounce": "^5.0.0"
      }
    },
    "array-tree-filter": {
      "version": "2.1.0",
      "resolved": "http://registry.m.jd.com/array-tree-filter/download/array-tree-filter-2.1.0.tgz",
      "integrity": "sha1-hzrAD+yDdJ8lWsjdCDgUtPYykZA="
    },
    "async-validator": {
      "version": "4.2.5",
      "resolved": "http://registry.m.jd.com/async-validator/download/async-validator-4.2.5.tgz",
      "integrity": "sha1-yW6jMypSFpnQr6rO7VEKVGVsYzk="
    },
    "classnames": {
      "version": "2.3.2",
      "resolved": "http://registry.m.jd.com/classnames/download/classnames-2.3.2.tgz",
      "integrity": "sha1-NR2BO/ATf8xqdqFriCCNJWCg2SQ="
    },
    "compute-scroll-into-view": {
      "version": "3.0.0",
      "resolved": "http://registry.m.jd.com/compute-scroll-into-view/download/compute-scroll-into-view-3.0.0.tgz",
      "integrity": "sha1-ldLy9GU+ft2nTdHjjtqqiXkY4PA="
    },
    "copy-to-clipboard": {
      "version": "3.3.3",
      "resolved": "http://registry.m.jd.com/copy-to-clipboard/download/copy-to-clipboard-3.3.3.tgz",
      "integrity": "sha1-VaxDoduK5jmkvZlRHBSM3RuDobA=",
      "requires": {
        "toggle-selection": "^1.0.6"
      }
    },
    "csstype": {
      "version": "3.1.1",
      "resolved": "http://registry.m.jd.com/csstype/download/csstype-3.1.1.tgz",
      "integrity": "sha1-hBtTLEXHWO5UahHVvXt7RzyMMLk="
    },
    "dayjs": {
      "version": "1.11.7",
      "resolved": "http://registry.m.jd.com/dayjs/download/dayjs-1.11.7.tgz",
      "integrity": "sha1-SylpImQvcJmVRNEUSiwlcw/OY+I="
    },
    "dom-align": {
      "version": "1.12.4",
      "resolved": "http://registry.m.jd.com/dom-align/download/dom-align-1.12.4.tgz",
      "integrity": "sha1-NQOZLrKnz8su07Km0h4LnADVRRE="
    },
    "json2mq": {
      "version": "0.2.0",
      "resolved": "http://registry.m.jd.com/json2mq/download/json2mq-0.2.0.tgz",
      "integrity": "sha1-tje9O6nqvhIsg+lyBIOusQ0skEo=",
      "requires": {
        "string-convert": "^0.2.0"
      }
    },
    "qrcode.react": {
      "version": "3.1.0",
      "resolved": "http://registry.m.jd.com/qrcode.react/download/qrcode.react-3.1.0.tgz",
      "integrity": "sha1-XJHdwDQPdoMW+9uP/ydlE0wq7Ng="
    },
    "rc-align": {
      "version": "4.0.15",
      "resolved": "http://registry.m.jd.com/rc-align/download/rc-align-4.0.15.tgz",
      "integrity": "sha1-K71mXPhd/QsCRMWnUrB1ZekJhXc=",
      "requires": {
        "@babel/runtime": "^7.10.1",
        "classnames": "2.x",
        "dom-align": "^1.7.0",
        "rc-util": "^5.26.0",
        "resize-observer-polyfill": "^1.5.1"
      }
    },
    "rc-cascader": {
      "version": "3.8.0",
      "resolved": "http://registry.m.jd.com/rc-cascader/download/rc-cascader-3.8.0.tgz",
      "integrity": "sha1-XqyomYsuP1aS0T8Wv+I0bszIfGo=",
      "requires": {
        "@babel/runtime": "^7.12.5",
        "array-tree-filter": "^2.1.0",
        "classnames": "^2.3.1",
        "rc-select": "~14.2.0",
        "rc-tree": "~5.7.0",
        "rc-util": "^5.6.1"
      }
    },
    "rc-checkbox": {
      "version": "2.3.2",
      "resolved": "http://registry.m.jd.com/rc-checkbox/download/rc-checkbox-2.3.2.tgz",
      "integrity": "sha1-+Rs2eMftsrqoEhyUg8Zk+m8K78E=",
      "requires": {
        "@babel/runtime": "^7.10.1",
        "classnames": "^2.2.1"
      }
    },
    "rc-collapse": {
      "version": "3.5.2",
      "resolved": "http://registry.m.jd.com/rc-collapse/download/rc-collapse-3.5.2.tgz",
      "integrity": "sha1-q7fRRK1VvZy9IB+pW8Wycdoqp8M=",
      "requires": {
        "@babel/runtime": "^7.10.1",
        "classnames": "2.x",
        "rc-motion": "^2.3.4",
        "rc-util": "^5.27.0"
      }
    },
    "rc-dialog": {
      "version": "9.0.2",
      "resolved": "http://registry.m.jd.com/rc-dialog/download/rc-dialog-9.0.2.tgz",
      "integrity": "sha1-qt/r3roUXyVsH6ybn1CfiTzbtbg=",
      "requires": {
        "@babel/runtime": "^7.10.1",
        "@rc-component/portal": "^1.0.0-8",
        "classnames": "^2.2.6",
        "rc-motion": "^2.3.0",
        "rc-util": "^5.21.0"
      }
    },
    "rc-drawer": {
      "version": "6.1.3",
      "resolved": "http://registry.m.jd.com/rc-drawer/download/rc-drawer-6.1.3.tgz",
      "integrity": "sha1-SyJ32wnwWb5xRNyC1a/t6cKrIZE=",
      "requires": {
        "@babel/runtime": "^7.10.1",
        "@rc-component/portal": "^1.0.0-6",
        "classnames": "^2.2.6",
        "rc-motion": "^2.6.1",
        "rc-util": "^5.21.2"
      }
    },
    "rc-dropdown": {
      "version": "4.0.1",
      "resolved": "http://registry.m.jd.com/rc-dropdown/download/rc-dropdown-4.0.1.tgz",
      "integrity": "sha1-9l2dPYl1AkEFfbWdWnXkPNRXa2g=",
      "requires": {
        "@babel/runtime": "^7.18.3",
        "classnames": "^2.2.6",
        "rc-trigger": "^5.3.1",
        "rc-util": "^5.17.0"
      }
    },
    "rc-field-form": {
      "version": "1.27.4",
      "resolved": "http://registry.m.jd.com/rc-field-form/download/rc-field-form-1.27.4.tgz",
      "integrity": "sha1-U2AHFK9bKMImxw00hnqMUszWTUQ=",
      "requires": {
        "@babel/runtime": "^7.18.0",
        "async-validator": "^4.1.0",
        "rc-util": "^5.8.0"
      }
    },
    "rc-image": {
      "version": "5.13.0",
      "resolved": "http://registry.m.jd.com/rc-image/download/rc-image-5.13.0.tgz",
      "integrity": "sha1-Htm4UqQLXv80eGun0vDp0m7quHQ=",
      "requires": {
        "@babel/runtime": "^7.11.2",
        "@rc-component/portal": "^1.0.2",
        "classnames": "^2.2.6",
        "rc-dialog": "~9.0.0",
        "rc-motion": "^2.6.2",
        "rc-util": "^5.0.6"
      }
    },
    "rc-input": {
      "version": "0.2.2",
      "resolved": "http://registry.m.jd.com/rc-input/download/rc-input-0.2.2.tgz",
      "integrity": "sha1-3hw8DgkNFXd6axo/1KlWbiWz++4=",
      "requires": {
        "@babel/runtime": "^7.11.1",
        "classnames": "^2.2.1",
        "rc-util": "^5.18.1"
      }
    },
    "rc-input-number": {
      "version": "7.4.0",
      "resolved": "http://registry.m.jd.com/rc-input-number/download/rc-input-number-7.4.0.tgz",
      "integrity": "sha1-uLT/qLvAQZjnnOi5YRdW0EbRKOw=",
      "requires": {
        "@babel/runtime": "^7.10.1",
        "@rc-component/mini-decimal": "^1.0.1",
        "classnames": "^2.2.5",
        "rc-util": "^5.23.0"
      }
    },
    "rc-mentions": {
      "version": "2.0.0",
      "resolved": "http://registry.m.jd.com/rc-mentions/download/rc-mentions-2.0.0.tgz",
      "integrity": "sha1-aIhG1piUM0AzRlfZbBRI2LV+VmY=",
      "requires": {
        "@babel/runtime": "^7.10.1",
        "classnames": "^2.2.6",
        "rc-input": "^0.2.2",
        "rc-menu": "~9.8.0",
        "rc-textarea": "^1.0.0",
        "rc-trigger": "^5.0.4",
        "rc-util": "^5.22.5"
      }
    },
    "rc-menu": {
      "version": "9.8.2",
      "resolved": "http://registry.m.jd.com/rc-menu/download/rc-menu-9.8.2.tgz",
      "integrity": "sha1-F5306g/Eb/+3oh4Y083bkBzjWYY=",
      "requires": {
        "@babel/runtime": "^7.10.1",
        "classnames": "2.x",
        "rc-motion": "^2.4.3",
        "rc-overflow": "^1.2.8",
        "rc-trigger": "^5.1.2",
        "rc-util": "^5.27.0"
      }
    },
    "rc-motion": {
      "version": "2.6.3",
      "resolved": "http://registry.m.jd.com/rc-motion/download/rc-motion-2.6.3.tgz",
      "integrity": "sha1-5tjKBlkcLBvNM5Go56gi68TZTpw=",
      "requires": {
        "@babel/runtime": "^7.11.1",
        "classnames": "^2.2.1",
        "rc-util": "^5.21.0"
      }
    },
    "rc-notification": {
      "version": "5.0.2",
      "resolved": "http://registry.m.jd.com/rc-notification/download/rc-notification-5.0.2.tgz",
      "integrity": "sha1-MYEayQ6VFtiJkP0qk9vmHMFxLuw=",
      "requires": {
        "@babel/runtime": "^7.10.1",
        "classnames": "2.x",
        "rc-motion": "^2.6.0",
        "rc-util": "^5.20.1"
      }
    },
    "rc-overflow": {
      "version": "1.2.8",
      "resolved": "http://registry.m.jd.com/rc-overflow/download/rc-overflow-1.2.8.tgz",
      "integrity": "sha1-QPFA+rwkQRhUPmJ83R73UNlIGog=",
      "requires": {
        "@babel/runtime": "^7.11.1",
        "classnames": "^2.2.1",
        "rc-resize-observer": "^1.0.0",
        "rc-util": "^5.19.2"
      }
    },
    "rc-pagination": {
      "version": "3.2.0",
      "resolved": "http://registry.m.jd.com/rc-pagination/download/rc-pagination-3.2.0.tgz",
      "integrity": "sha1-Ty/bqf2sD0jlyfsRQZc4GBOK9+E=",
      "requires": {
        "@babel/runtime": "^7.10.1",
        "classnames": "^2.2.1"
      }
    },
    "rc-picker": {
      "version": "3.1.5",
      "resolved": "http://registry.m.jd.com/rc-picker/download/rc-picker-3.1.5.tgz",
      "integrity": "sha1-SZU2Vaks2j3uWWePTLze5h9bDww=",
      "requires": {
        "@babel/runtime": "^7.10.1",
        "classnames": "^2.2.1",
        "rc-trigger": "^5.0.4",
        "rc-util": "^5.27.0"
      }
    },
    "rc-progress": {
      "version": "3.4.1",
      "resolved": "http://registry.m.jd.com/rc-progress/download/rc-progress-3.4.1.tgz",
      "integrity": "sha1-qf/gmeiKT8A6+wnYYDFivwdg10M=",
      "requires": {
        "@babel/runtime": "^7.10.1",
        "classnames": "^2.2.6",
        "rc-util": "^5.16.1"
      }
    },
    "rc-rate": {
      "version": "2.9.2",
      "resolved": "http://registry.m.jd.com/rc-rate/download/rc-rate-2.9.2.tgz",
      "integrity": "sha1-SliWXR7PkYluuuAdRYtZBW3wtOo=",
      "requires": {
        "@babel/runtime": "^7.10.1",
        "classnames": "^2.2.5",
        "rc-util": "^5.0.1"
      }
    },
    "rc-resize-observer": {
      "version": "1.3.1",
      "resolved": "http://registry.m.jd.com/rc-resize-observer/download/rc-resize-observer-1.3.1.tgz",
      "integrity": "sha1-thufJwSAASQ2F7gfleU9fX16aj0=",
      "requires": {
        "@babel/runtime": "^7.20.7",
        "classnames": "^2.2.1",
        "rc-util": "^5.27.0",
        "resize-observer-polyfill": "^1.5.1"
      }
    },
    "rc-segmented": {
      "version": "2.1.2",
      "resolved": "http://registry.m.jd.com/rc-segmented/download/rc-segmented-2.1.2.tgz",
      "integrity": "sha1-FMkHeh2unCzLLvX7xWYsHEjHzo4=",
      "requires": {
        "@babel/runtime": "^7.11.1",
        "classnames": "^2.2.1",
        "rc-motion": "^2.4.4",
        "rc-util": "^5.17.0"
      }
    },
    "rc-select": {
      "version": "14.2.0",
      "resolved": "http://registry.m.jd.com/rc-select/download/rc-select-14.2.0.tgz",
      "integrity": "sha1-YOg6fVpdrn/Z45GNmyCQdOosktQ=",
      "requires": {
        "@babel/runtime": "^7.10.1",
        "classnames": "2.x",
        "rc-motion": "^2.0.1",
        "rc-overflow": "^1.0.0",
        "rc-trigger": "^5.0.4",
        "rc-util": "^5.16.1",
        "rc-virtual-list": "^3.4.13"
      }
    },
    "rc-slider": {
      "version": "10.1.1",
      "resolved": "http://registry.m.jd.com/rc-slider/download/rc-slider-10.1.1.tgz",
      "integrity": "sha1-XoIDbmC2ECGro+oONTdE3Xx04QQ=",
      "requires": {
        "@babel/runtime": "^7.10.1",
        "classnames": "^2.2.5",
        "rc-util": "^5.27.0"
      }
    },
    "rc-steps": {
      "version": "6.0.0",
      "resolved": "http://registry.m.jd.com/rc-steps/download/rc-steps-6.0.0.tgz",
      "integrity": "sha1-9xSPgJfV0TXxm5bBtPS1CtYJN1M=",
      "requires": {
        "@babel/runtime": "^7.16.7",
        "classnames": "^2.2.3",
        "rc-util": "^5.16.1"
      }
    },
    "rc-switch": {
      "version": "4.0.0",
      "resolved": "http://registry.m.jd.com/rc-switch/download/rc-switch-4.0.0.tgz",
      "integrity": "sha1-Vfv5n8LWgHkRdQN9N54XC6Ufvng=",
      "requires": {
        "@babel/runtime": "^7.10.1",
        "classnames": "^2.2.1",
        "rc-util": "^5.0.1"
      }
    },
    "rc-table": {
      "version": "7.30.4",
      "resolved": "http://registry.m.jd.com/rc-table/download/rc-table-7.30.4.tgz",
      "integrity": "sha1-CNqe2En6cAoVqH0JfDpl9WIsqHU=",
      "requires": {
        "@babel/runtime": "^7.10.1",
        "@rc-component/context": "^1.3.0",
        "classnames": "^2.2.5",
        "rc-resize-observer": "^1.1.0",
        "rc-util": "^5.27.1"
      }
    },
    "rc-tabs": {
      "version": "12.5.6",
      "resolved": "http://registry.m.jd.com/rc-tabs/download/rc-tabs-12.5.6.tgz",
      "integrity": "sha1-YRcoV11fPvAQqOXnXSwbZ7tx6Go=",
      "requires": {
        "@babel/runtime": "^7.11.2",
        "classnames": "2.x",
        "rc-dropdown": "~4.0.0",
        "rc-menu": "~9.8.0",
        "rc-motion": "^2.6.2",
        "rc-resize-observer": "^1.0.0",
        "rc-util": "^5.16.0"
      }
    },
    "rc-textarea": {
      "version": "1.0.1",
      "resolved": "http://registry.m.jd.com/rc-textarea/download/rc-textarea-1.0.1.tgz",
      "integrity": "sha1-RLHgnto3p68Zz4hCUeUwzHsDBQs=",
      "requires": {
        "@babel/runtime": "^7.10.1",
        "classnames": "^2.2.1",
        "rc-input": "^0.2.1",
        "rc-resize-observer": "^1.0.0",
        "rc-util": "^5.27.0"
      }
    },
    "rc-tooltip": {
      "version": "5.3.1",
      "resolved": "http://registry.m.jd.com/rc-tooltip/download/rc-tooltip-5.3.1.tgz",
      "integrity": "sha1-Pd5OGGX3nNI/ICu6TlhcKhFzAks=",
      "requires": {
        "@babel/runtime": "^7.11.2",
        "classnames": "^2.3.1",
        "rc-trigger": "^5.3.1"
      }
    },
    "rc-tree": {
      "version": "5.7.2",
      "resolved": "http://registry.m.jd.com/rc-tree/download/rc-tree-5.7.2.tgz",
      "integrity": "sha1-Jw6n2eGy5egc02Weui+9AipIMfY=",
      "requires": {
        "@babel/runtime": "^7.10.1",
        "classnames": "2.x",
        "rc-motion": "^2.0.1",
        "rc-util": "^5.16.1",
        "rc-virtual-list": "^3.4.8"
      }
    },
    "rc-tree-select": {
      "version": "5.6.0",
      "resolved": "http://registry.m.jd.com/rc-tree-select/download/rc-tree-select-5.6.0.tgz",
      "integrity": "sha1-80FH9MFDQUMLzs5IGARJbQq9M3E=",
      "requires": {
        "@babel/runtime": "^7.10.1",
        "classnames": "2.x",
        "rc-select": "~14.2.0",
        "rc-tree": "~5.7.0",
        "rc-util": "^5.16.1"
      }
    },
    "rc-trigger": {
      "version": "5.3.4",
      "resolved": "http://registry.m.jd.com/rc-trigger/download/rc-trigger-5.3.4.tgz",
      "integrity": "sha1-a0sm4yglZ3yDfR601whQNe7PmmE=",
      "requires": {
        "@babel/runtime": "^7.18.3",
        "classnames": "^2.2.6",
        "rc-align": "^4.0.0",
        "rc-motion": "^2.0.0",
        "rc-util": "^5.19.2"
      }
    },
    "rc-upload": {
      "version": "4.3.4",
      "resolved": "http://registry.m.jd.com/rc-upload/download/rc-upload-4.3.4.tgz",
      "integrity": "sha1-g/99OGdjHDetv9cuo9H9fpfKhK8=",
      "requires": {
        "@babel/runtime": "^7.18.3",
        "classnames": "^2.2.5",
        "rc-util": "^5.2.0"
      }
    },
    "rc-util": {
      "version": "5.27.2",
      "resolved": "http://registry.m.jd.com/rc-util/download/rc-util-5.27.2.tgz",
      "integrity": "sha1-Ryp7qyamKFbCwBbRjcY1bkbQEBI=",
      "requires": {
        "@babel/runtime": "^7.18.3",
        "react-is": "^16.12.0"
      }
    },
    "rc-virtual-list": {
      "version": "3.4.13",
      "resolved": "http://registry.m.jd.com/rc-virtual-list/download/rc-virtual-list-3.4.13.tgz",
      "integrity": "sha1-IKzJNLJjq897fBYfUO+CKBsvfo0=",
      "requires": {
        "@babel/runtime": "^7.20.0",
        "classnames": "^2.2.6",
        "rc-resize-observer": "^1.0.0",
        "rc-util": "^5.15.0"
      }
    },
    "react-is": {
      "version": "16.13.1",
      "resolved": "http://registry.m.jd.com/react-is/download/react-is-16.13.1.tgz",
      "integrity": "sha1-eJcppNw23imZ3BVt1sHZwYzqVqQ="
    },
    "regenerator-runtime": {
      "version": "0.13.11",
      "resolved": "http://registry.m.jd.com/regenerator-runtime/download/regenerator-runtime-0.13.11.tgz",
      "integrity": "sha1-9tyj587sIFkNB62nhWNqkM3KF/k="
    },
    "resize-observer-polyfill": {
      "version": "1.5.1",
      "resolved": "http://registry.m.jd.com/resize-observer-polyfill/download/resize-observer-polyfill-1.5.1.tgz",
      "integrity": "sha1-DpAg3T0hAkRY1OvSfiPkAmmBBGQ="
    },
    "scroll-into-view-if-needed": {
      "version": "3.0.6",
      "resolved": "http://registry.m.jd.com/scroll-into-view-if-needed/download/scroll-into-view-if-needed-3.0.6.tgz",
      "integrity": "sha1-LIA6UJwQNrxKnACf7MXBRfh+R88=",
      "requires": {
        "compute-scroll-into-view": "^3.0.0"
      }
    },
    "string-convert": {
      "version": "0.2.1",
      "resolved": "http://registry.m.jd.com/string-convert/download/string-convert-0.2.1.tgz",
      "integrity": "sha1-aYLMMEn7tM2F+LJFaLnZvznu/5c="
    },
    "stylis": {
      "version": "4.1.3",
      "resolved": "http://registry.m.jd.com/stylis/download/stylis-4.1.3.tgz",
      "integrity": "sha1-/S++efX+0XxVJp4W7Y2hTITQafc="
    },
    "throttle-debounce": {
      "version": "5.0.0",
      "resolved": "http://registry.m.jd.com/throttle-debounce/download/throttle-debounce-5.0.0.tgz",
      "integrity": "sha1-oXpAOegqLtOKXnJo5BMtaWDUGTM="
    },
    "toggle-selection": {
      "version": "1.0.6",
      "resolved": "http://registry.m.jd.com/toggle-selection/download/toggle-selection-1.0.6.tgz",
      "integrity": "sha1-bkWxJj8gF/oKzH2J14sVuL932jI="
    }
  }
}
